// !$*UTF8*$!
{
	archiveVersion = 1;
	classes = {
	};
	objectVersion = 50;
	objects = {

/* Begin PBXBuildFile section */
		4B58AEE022FED602002C4488 /* AppDelegate.swift in Sources */ = {isa = PBXBuildFile; fileRef = 4B58AEDF22FED602002C4488 /* AppDelegate.swift */; };
		4B58AEE522FED602002C4488 /* Main.storyboard in Resources */ = {isa = PBXBuildFile; fileRef = 4B58AEE322FED602002C4488 /* Main.storyboard */; };
		4B58AEE722FED603002C4488 /* Assets.xcassets in Resources */ = {isa = PBXBuildFile; fileRef = 4B58AEE622FED603002C4488 /* Assets.xcassets */; };
		4B58AEEA22FED603002C4488 /* LaunchScreen.storyboard in Resources */ = {isa = PBXBuildFile; fileRef = 4B58AEE822FED603002C4488 /* LaunchScreen.storyboard */; };
		4B58AEF522FEDB9F002C4488 /* MenuController.swift in Sources */ = {isa = PBXBuildFile; fileRef = 4B58AEF422FEDB9F002C4488 /* MenuController.swift */; };
		4B58AEF722FEDC51002C4488 /* ALaCarteController.swift in Sources */ = {isa = PBXBuildFile; fileRef = 4B58AEF622FEDC51002C4488 /* ALaCarteController.swift */; };
		4B720C3C22FF4C6900DA976B /* MenuCell.swift in Sources */ = {isa = PBXBuildFile; fileRef = 4B720C3B22FF4C6900DA976B /* MenuCell.swift */; };
		4BC64FFD22FEF04C00F515B1 /* MonTabBar.swift in Sources */ = {isa = PBXBuildFile; fileRef = 4BC64FFC22FEF04C00F515B1 /* MonTabBar.swift */; };
		4BC6500022FEF11400F515B1 /* Constantes.swift in Sources */ = {isa = PBXBuildFile; fileRef = 4BC64FFF22FEF11400F515B1 /* Constantes.swift */; };
		4BC6500222FEF5CC00F515B1 /* MonNav.swift in Sources */ = {isa = PBXBuildFile; fileRef = 4BC6500122FEF5CC00F515B1 /* MonNav.swift */; };
/* End PBXBuildFile section */

/* Begin PBXFileReference section */
		4B58AEDC22FED602002C4488 /* MonRestoDuMonde.app */ = {isa = PBXFileReference; explicitFileType = wrapper.application; includeInIndex = 0; path = MonRestoDuMonde.app; sourceTree = BUILT_PRODUCTS_DIR; };
		4B58AEDF22FED602002C4488 /* AppDelegate.swift */ = {isa = PBXFileReference; lastKnownFileType = sourcecode.swift; path = AppDelegate.swift; sourceTree = "<group>"; };
		4B58AEE422FED602002C4488 /* Base */ = {isa = PBXFileReference; lastKnownFileType = file.storyboard; name = Base; path = Base.lproj/Main.storyboard; sourceTree = "<group>"; };
		4B58AEE622FED603002C4488 /* Assets.xcassets */ = {isa = PBXFileReference; lastKnownFileType = folder.assetcatalog; path = Assets.xcassets; sourceTree = "<group>"; };
		4B58AEE922FED603002C4488 /* Base */ = {isa = PBXFileReference; lastKnownFileType = file.storyboard; name = Base; path = Base.lproj/LaunchScreen.storyboard; sourceTree = "<group>"; };
		4B58AEEB22FED603002C4488 /* Info.plist */ = {isa = PBXFileReference; lastKnownFileType = text.plist.xml; path = Info.plist; sourceTree = "<group>"; };
		4B58AEF422FEDB9F002C4488 /* MenuController.swift */ = {isa = PBXFileReference; lastKnownFileType = sourcecode.swift; path = MenuController.swift; sourceTree = "<group>"; };
		4B58AEF622FEDC51002C4488 /* ALaCarteController.swift */ = {isa = PBXFileReference; lastKnownFileType = sourcecode.swift; path = ALaCarteController.swift; sourceTree = "<group>"; };
		4B720C3B22FF4C6900DA976B /* MenuCell.swift */ = {isa = PBXFileReference; lastKnownFileType = sourcecode.swift; path = MenuCell.swift; sourceTree = "<group>"; };
		4BC64FFC22FEF04C00F515B1 /* MonTabBar.swift */ = {isa = PBXFileReference; lastKnownFileType = sourcecode.swift; path = MonTabBar.swift; sourceTree = "<group>"; };
		4BC64FFF22FEF11400F515B1 /* Constantes.swift */ = {isa = PBXFileReference; lastKnownFileType = sourcecode.swift; path = Constantes.swift; sourceTree = "<group>"; };
		4BC6500122FEF5CC00F515B1 /* MonNav.swift */ = {isa = PBXFileReference; lastKnownFileType = sourcecode.swift; path = MonNav.swift; sourceTree = "<group>"; };
/* End PBXFileReference section */

/* Begin PBXFrameworksBuildPhase section */
		4B58AED922FED602002C4488 /* Frameworks */ = {
			isa = PBXFrameworksBuildPhase;
			buildActionMask = 2147483647;
			files = (
			);
			runOnlyForDeploymentPostprocessing = 0;
		};
/* End PBXFrameworksBuildPhase section */

/* Begin PBXGroup section */
		4B58AED322FED602002C4488 = {
			isa = PBXGroup;
			children = (
				4B58AEDE22FED602002C4488 /* MonRestoDuMonde */,
				4B58AEDD22FED602002C4488 /* Products */,
			);
			sourceTree = "<group>";
		};
		4B58AEDD22FED602002C4488 /* Products */ = {
			isa = PBXGroup;
			children = (
				4B58AEDC22FED602002C4488 /* MonRestoDuMonde.app */,
			);
			name = Products;
			sourceTree = "<group>";
		};
		4B58AEDE22FED602002C4488 /* MonRestoDuMonde */ = {
			isa = PBXGroup;
			children = (
				4BC64FFE22FEF0F100F515B1 /* Utilitaire */,
				4B58AEF122FEDA12002C4488 /* Modele */,
				4B58AEF222FEDA2E002C4488 /* Vue */,
				4B58AEF322FEDA3B002C4488 /* Controlleur */,
				4B58AEDF22FED602002C4488 /* AppDelegate.swift */,
				4B58AEE322FED602002C4488 /* Main.storyboard */,
				4B58AEE622FED603002C4488 /* Assets.xcassets */,
				4B58AEE822FED603002C4488 /* LaunchScreen.storyboard */,
				4B58AEEB22FED603002C4488 /* Info.plist */,
			);
			path = MonRestoDuMonde;
			sourceTree = "<group>";
		};
		4B58AEF122FEDA12002C4488 /* Modele */ = {
			isa = PBXGroup;
			children = (
			);
			path = Modele;
			sourceTree = "<group>";
		};
		4B58AEF222FEDA2E002C4488 /* Vue */ = {
			isa = PBXGroup;
			children = (
			);
			path = Vue;
			sourceTree = "<group>";
		};
		4B58AEF322FEDA3B002C4488 /* Controlleur */ = {
			isa = PBXGroup;
			children = (
				4B58AEF422FEDB9F002C4488 /* MenuController.swift */,
				4B58AEF622FEDC51002C4488 /* ALaCarteController.swift */,
				4BC64FFC22FEF04C00F515B1 /* MonTabBar.swift */,
				4BC6500122FEF5CC00F515B1 /* MonNav.swift */,
				4B720C3B22FF4C6900DA976B /* MenuCell.swift */,
			);
			path = Controlleur;
			sourceTree = "<group>";
		};
		4BC64FFE22FEF0F100F515B1 /* Utilitaire */ = {
			isa = PBXGroup;
			children = (
				4BC64FFF22FEF11400F515B1 /* Constantes.swift */,
			);
			path = Utilitaire;
			sourceTree = "<group>";
		};
/* End PBXGroup section */

/* Begin PBXNativeTarget section */
		4B58AEDB22FED602002C4488 /* MonRestoDuMonde */ = {
			isa = PBXNativeTarget;
			buildConfigurationList = 4B58AEEE22FED603002C4488 /* Build configuration list for PBXNativeTarget "MonRestoDuMonde" */;
			buildPhases = (
				4B58AED822FED602002C4488 /* Sources */,
				4B58AED922FED602002C4488 /* Frameworks */,
				4B58AEDA22FED602002C4488 /* Resources */,
			);
			buildRules = (
			);
			dependencies = (
			);
			name = MonRestoDuMonde;
			productName = MonRestoDuMonde;
			productReference = 4B58AEDC22FED602002C4488 /* MonRestoDuMonde.app */;
			productType = "com.apple.product-type.application";
		};
/* End PBXNativeTarget section */

/* Begin PBXProject section */
		4B58AED422FED602002C4488 /* Project object */ = {
			isa = PBXProject;
			attributes = {
				LastSwiftUpdateCheck = 1030;
				LastUpgradeCheck = 1030;
				ORGANIZATIONNAME = "Jean-Paul Berthelot";
				TargetAttributes = {
					4B58AEDB22FED602002C4488 = {
						CreatedOnToolsVersion = 10.3;
					};
				};
			};
			buildConfigurationList = 4B58AED722FED602002C4488 /* Build configuration list for PBXProject "MonRestoDuMonde" */;
			compatibilityVersion = "Xcode 9.3";
			developmentRegion = en;
			hasScannedForEncodings = 0;
			knownRegions = (
				en,
				Base,
			);
			mainGroup = 4B58AED322FED602002C4488;
			productRefGroup = 4B58AEDD22FED602002C4488 /* Products */;
			projectDirPath = "";
			projectRoot = "";
			targets = (
				4B58AEDB22FED602002C4488 /* MonRestoDuMonde */,
			);
		};
/* End PBXProject section */

/* Begin PBXResourcesBuildPhase section */
		4B58AEDA22FED602002C4488 /* Resources */ = {
			isa = PBXResourcesBuildPhase;
			buildActionMask = 2147483647;
			files = (
				4B58AEEA22FED603002C4488 /* LaunchScreen.storyboard in Resources */,
				4B58AEE722FED603002C4488 /* Assets.xcassets in Resources */,
				4B58AEE522FED602002C4488 /* Main.storyboard in Resources */,
			);
			runOnlyForDeploymentPostprocessing = 0;
		};
/* End PBXResourcesBuildPhase section */

/* Begin PBXSourcesBuildPhase section */
		4B58AED822FED602002C4488 /* Sources */ = {
			isa = PBXSourcesBuildPhase;
			buildActionMask = 2147483647;
			files = (
				4B720C3C22FF4C6900DA976B /* MenuCell.swift in Sources */,
				4BC6500022FEF11400F515B1 /* Constantes.swift in Sources */,
				4BC64FFD22FEF04C00F515B1 /* MonTabBar.swift in Sources */,
				4BC6500222FEF5CC00F515B1 /* MonNav.swift in Sources */,
				4B58AEF522FEDB9F002C4488 /* MenuController.swift in Sources */,
				4B58AEE022FED602002C4488 /* AppDelegate.swift in Sources */,
				4B58AEF722FEDC51002C4488 /* ALaCarteController.swift in Sources */,
			);
			runOnlyForDeploymentPostprocessing = 0;
		};
/* End PBXSourcesBuildPhase section */

/* Begin PBXVariantGroup section */
		4B58AEE322FED602002C4488 /* Main.storyboard */ = {
			isa = PBXVariantGroup;
			children = (
				4B58AEE422FED602002C4488 /* Base */,
			);
			name = Main.storyboard;
			sourceTree = "<group>";
		};
		4B58AEE822FED603002C4488 /* LaunchScreen.storyboard */ = {
			isa = PBXVariantGroup;
			children = (
				4B58AEE922FED603002C4488 /* Base */,
			);
			name = LaunchScreen.storyboard;
			sourceTree = "<group>";
		};
/* End PBXVariantGroup section */

/* Begin XCBuildConfiguration section */
		4B58AEEC22FED603002C4488 /* Debug */ = {
			isa = XCBuildConfiguration;
			buildSettings = {
				ALWAYS_SEARCH_USER_PATHS = NO;
				CLANG_ANALYZER_NONNULL = YES;
				CLANG_ANALYZER_NUMBER_OBJECT_CONVERSION = YES_AGGRESSIVE;
				CLANG_CXX_LANGUAGE_STANDARD = "gnu++14";
				CLANG_CXX_LIBRARY = "libc++";
				CLANG_ENABLE_MODULES = YES;
				CLANG_ENABLE_OBJC_ARC = YES;
				CLANG_ENABLE_OBJC_WEAK = YES;
				CLANG_WARN_BLOCK_CAPTURE_AUTORELEASING = YES;
				CLANG_WARN_BOOL_CONVERSION = YES;
				CLANG_WARN_COMMA = YES;
				CLANG_WARN_CONSTANT_CONVERSION = YES;
				CLANG_WARN_DEPRECATED_OBJC_IMPLEMENTATIONS = YES;
				CLANG_WARN_DIRECT_OBJC_ISA_USAGE = YES_ERROR;
				CLANG_WARN_DOCUMENTATION_COMMENTS = YES;
				CLANG_WARN_EMPTY_BODY = YES;
				CLANG_WARN_ENUM_CONVERSION = YES;
				CLANG_WARN_INFINITE_RECURSION = YES;
				CLANG_WARN_INT_CONVERSION = YES;
				CLANG_WARN_NON_LITERAL_NULL_CONVERSION = YES;
				CLANG_WARN_OBJC_IMPLICIT_RETAIN_SELF = YES;
				CLANG_WARN_OBJC_LITERAL_CONVERSION = YES;
				CLANG_WARN_OBJC_ROOT_CLASS = YES_ERROR;
				CLANG_WARN_RANGE_LOOP_ANALYSIS = YES;
				CLANG_WARN_STRICT_PROTOTYPES = YES;
				CLANG_WARN_SUSPICIOUS_MOVE = YES;
				CLANG_WARN_UNGUARDED_AVAILABILITY = YES_AGGRESSIVE;
				CLANG_WARN_UNREACHABLE_CODE = YES;
				CLANG_WARN__DUPLICATE_METHOD_MATCH = YES;
				CODE_SIGN_IDENTITY = "iPhone Developer";
				COPY_PHASE_STRIP = NO;
				DEBUG_INFORMATION_FORMAT = dwarf;
				ENABLE_STRICT_OBJC_MSGSEND = YES;
				ENABLE_TESTABILITY = YES;
				GCC_C_LANGUAGE_STANDARD = gnu11;
				GCC_DYNAMIC_NO_PIC = NO;
				GCC_NO_COMMON_BLOCKS = YES;
				GCC_OPTIMIZATION_LEVEL = 0;
				GCC_PREPROCESSOR_DEFINITIONS = (
					"DEBUG=1",
					"$(inherited)",
				);
				GCC_WARN_64_TO_32_BIT_CONVERSION = YES;
				GCC_WARN_ABOUT_RETURN_TYPE = YES_ERROR;
				GCC_WARN_UNDECLARED_SELECTOR = YES;
				GCC_WARN_UNINITIALIZED_AUTOS = YES_AGGRESSIVE;
				GCC_WARN_UNUSED_FUNCTION = YES;
				GCC_WARN_UNUSED_VARIABLE = YES;
				IPHONEOS_DEPLOYMENT_TARGET = 12.4;
				MTL_ENABLE_DEBUG_INFO = INCLUDE_SOURCE;
				MTL_FAST_MATH = YES;
				ONLY_ACTIVE_ARCH = YES;
				SDKROOT = iphoneos;
				SWIFT_ACTIVE_COMPILATION_CONDITIONS = DEBUG;
				SWIFT_OPTIMIZATION_LEVEL = "-Onone";
			};
			name = Debug;
		};
		4B58AEED22FED603002C4488 /* Release */ = {
			isa = XCBuildConfiguration;
			buildSettings = {
				ALWAYS_SEARCH_USER_PATHS = NO;
				CLANG_ANALYZER_NONNULL = YES;
				CLANG_ANALYZER_NUMBER_OBJECT_CONVERSION = YES_AGGRESSIVE;
				CLANG_CXX_LANGUAGE_STANDARD = "gnu++14";
				CLANG_CXX_LIBRARY = "libc++";
				CLANG_ENABLE_MODULES = YES;
				CLANG_ENABLE_OBJC_ARC = YES;
				CLANG_ENABLE_OBJC_WEAK = YES;
				CLANG_WARN_BLOCK_CAPTURE_AUTORELEASING = YES;
				CLANG_WARN_BOOL_CONVERSION = YES;
				CLANG_WARN_COMMA = YES;
				CLANG_WARN_CONSTANT_CONVERSION = YES;
				CLANG_WARN_DEPRECATED_OBJC_IMPLEMENTATIONS = YES;
				CLANG_WARN_DIRECT_OBJC_ISA_USAGE = YES_ERROR;
				CLANG_WARN_DOCUMENTATION_COMMENTS = YES;
				CLANG_WARN_EMPTY_BODY = YES;
				CLANG_WARN_ENUM_CONVERSION = YES;
				CLANG_WARN_INFINITE_RECURSION = YES;
				CLANG_WARN_INT_CONVERSION = YES;
				CLANG_WARN_NON_LITERAL_NULL_CONVERSION = YES;
				CLANG_WARN_OBJC_IMPLICIT_RETAIN_SELF = YES;
				CLANG_WARN_OBJC_LITERAL_CONVERSION = YES;
				CLANG_WARN_OBJC_ROOT_CLASS = YES_ERROR;
				CLANG_WARN_RANGE_LOOP_ANALYSIS = YES;
				CLANG_WARN_STRICT_PROTOTYPES = YES;
				CLANG_WARN_SUSPICIOUS_MOVE = YES;
				CLANG_WARN_UNGUARDED_AVAILABILITY = YES_AGGRESSIVE;
				CLANG_WARN_UNREACHABLE_CODE = YES;
				CLANG_WARN__DUPLICATE_METHOD_MATCH = YES;
				CODE_SIGN_IDENTITY = "iPhone Developer";
				COPY_PHASE_STRIP = NO;
				DEBUG_INFORMATION_FORMAT = "dwarf-with-dsym";
				ENABLE_NS_ASSERTIONS = NO;
				ENABLE_STRICT_OBJC_MSGSEND = YES;
				GCC_C_LANGUAGE_STANDARD = gnu11;
				GCC_NO_COMMON_BLOCKS = YES;
				GCC_WARN_64_TO_32_BIT_CONVERSION = YES;
				GCC_WARN_ABOUT_RETURN_TYPE = YES_ERROR;
				GCC_WARN_UNDECLARED_SELECTOR = YES;
				GCC_WARN_UNINITIALIZED_AUTOS = YES_AGGRESSIVE;
				GCC_WARN_UNUSED_FUNCTION = YES;
				GCC_WARN_UNUSED_VARIABLE = YES;
				IPHONEOS_DEPLOYMENT_TARGET = 12.4;
				MTL_ENABLE_DEBUG_INFO = NO;
				MTL_FAST_MATH = YES;
				SDKROOT = iphoneos;
				SWIFT_COMPILATION_MODE = wholemodule;
				SWIFT_OPTIMIZATION_LEVEL = "-O";
				VALIDATE_PRODUCT = YES;
			};
			name = Release;
		};
		4B58AEEF22FED603002C4488 /* Debug */ = {
			isa = XCBuildConfiguration;
			buildSettings = {
				ASSETCATALOG_COMPILER_APPICON_NAME = AppIcon;
				CODE_SIGN_STYLE = Automatic;
				DEVELOPMENT_TEAM = QTNZP93R8D;
				INFOPLIST_FILE = MonRestoDuMonde/Info.plist;
				LD_RUNPATH_SEARCH_PATHS = (
					"$(inherited)",
					"@executable_path/Frameworks",
				);
				PRODUCT_BUNDLE_IDENTIFIER = "Jean-Paul.MonRestoDuMonde";
				PRODUCT_NAME = "$(TARGET_NAME)";
				SWIFT_VERSION = 5.0;
				TARGETED_DEVICE_FAMILY = "1,2";
			};
			name = Debug;
		};
		4B58AEF022FED603002C4488 /* Release */ = {
			isa = XCBuildConfiguration;
			buildSettings = {
				ASSETCATALOG_COMPILER_APPICON_NAME = AppIcon;
				CODE_SIGN_STYLE = Automatic;
				DEVELOPMENT_TEAM = QTNZP93R8D;
				INFOPLIST_FILE = MonRestoDuMonde/Info.plist;
				LD_RUNPATH_SEARCH_PATHS = (
					"$(inherited)",
					"@executable_path/Frameworks",
				);
				PRODUCT_BUNDLE_IDENTIFIER = "Jean-Paul.MonRestoDuMonde";
				PRODUCT_NAME = "$(TARGET_NAME)";
				SWIFT_VERSION = 5.0;
				TARGETED_DEVICE_FAMILY = "1,2";
			};
			name = Release;
		};
/* End XCBuildConfiguration section */

/* Begin XCConfigurationList section */
		4B58AED722FED602002C4488 /* Build configuration list for PBXProject "MonRestoDuMonde" */ = {
			isa = XCConfigurationList;
			buildConfigurations = (
				4B58AEEC22FED603002C4488 /* Debug */,
				4B58AEED22FED603002C4488 /* Release */,
			);
			defaultConfigurationIsVisible = 0;
			defaultConfigurationName = Release;
		};
		4B58AEEE22FED603002C4488 /* Build configuration list for PBXNativeTarget "MonRestoDuMonde" */ = {
			isa = XCConfigurationList;
			buildConfigurations = (
				4B58AEEF22FED603002C4488 /* Debug */,
				4B58AEF022FED603002C4488 /* Release */,
			);
			defaultConfigurationIsVisible = 0;
			defaultConfigurationName = Release;
		};
/* End XCConfigurationList section */
	};
	rootObject = 4B58AED422FED602002C4488 /* Project object */;
}
